
Microsoft Visual Studio Solution File, Format Version 12.00
# Visual Studio Version 17
VisualStudioVersion = 17.13.35931.197 d17.13
MinimumVisualStudioVersion = 10.0.40219.1
Project("{FAE04EC0-301F-11D3-BF4B-00C04F79EFBC}") = "calculadora", "calculadora\calculadora.csproj", "{67BAC6B5-65D9-4216-97A4-CADF4F525AFF}"
EndProject
Global
	GlobalSection(SolutionConfigurationPlatforms) = preSolution
		Debug|Any CPU = Debug|Any CPU
		Release|Any CPU = Release|Any CPU
	EndGlobalSection
	GlobalSection(ProjectConfigurationPlatforms) = postSolution
		{67BAC6B5-65D9-4216-97A4-CADF4F525AFF}.Debug|Any CPU.ActiveCfg = Debug|Any CPU
		{67BAC6B5-65D9-4216-97A4-CADF4F525AFF}.Debug|Any CPU.Build.0 = Debug|Any CPU
		{67BAC6B5-65D9-4216-97A4-CADF4F525AFF}.Release|Any CPU.ActiveCfg = Release|Any CPU
		{67BAC6B5-65D9-4216-97A4-CADF4F525AFF}.Release|Any CPU.Build.0 = Release|Any CPU
	EndGlobalSection
	GlobalSection(SolutionProperties) = preSolution
		HideSolutionNode = FALSE
	EndGlobalSection
	GlobalSection(ExtensibilityGlobals) = postSolution
		SolutionGuid = {B5A26202-6409-455A-ACDE-7D2DF9EBC3A8}
	EndGlobalSection
EndGlobal
