
Microsoft Visual Studio Solution File, Format Version 12.00
# Visual Studio Version 17
VisualStudioVersion = 17.9.34616.47
MinimumVisualStudioVersion = 10.0.40219.1
Project("{FAE04EC0-301F-11D3-BF4B-00C04F79EFBC}") = "Zoo", "Zoo\Zoo.csproj", "{5DB548C9-88B7-45B0-AF1D-5B100261A9A2}"
EndProject
Global
	GlobalSection(SolutionConfigurationPlatforms) = preSolution
		Debug|Any CPU = Debug|Any CPU
		Release|Any CPU = Release|Any CPU
	EndGlobalSection
	GlobalSection(ProjectConfigurationPlatforms) = postSolution
		{5DB548C9-88B7-45B0-AF1D-5B100261A9A2}.Debug|Any CPU.ActiveCfg = Debug|Any CPU
		{5DB548C9-88B7-45B0-AF1D-5B100261A9A2}.Debug|Any CPU.Build.0 = Debug|Any CPU
		{5DB548C9-88B7-45B0-AF1D-5B100261A9A2}.Release|Any CPU.ActiveCfg = Release|Any CPU
		{5DB548C9-88B7-45B0-AF1D-5B100261A9A2}.Release|Any CPU.Build.0 = Release|Any CPU
	EndGlobalSection
	GlobalSection(SolutionProperties) = preSolution
		HideSolutionNode = FALSE
	EndGlobalSection
	GlobalSection(ExtensibilityGlobals) = postSolution
		SolutionGuid = {6B925047-CBA2-44CF-8A1C-BEB43D835C18}
	EndGlobalSection
EndGlobal
